
Microsoft Visual Studio Solution File, Format Version 12.00
# Visual Studio Version 17
VisualStudioVersion = 17.12.35521.163 d17.12
MinimumVisualStudioVersion = 10.0.40219.1
Project("{FAE04EC0-301F-11D3-BF4B-00C04F79EFBC}") = "Records", "Records\Records.csproj", "{36ED3A78-B46F-4885-8ED0-730C1954AC7A}"
EndProject
Global
	GlobalSection(SolutionConfigurationPlatforms) = preSolution
		Debug|Any CPU = Debug|Any CPU
		Release|Any CPU = Release|Any CPU
	EndGlobalSection
	GlobalSection(ProjectConfigurationPlatforms) = postSolution
		{36ED3A78-B46F-4885-8ED0-730C1954AC7A}.Debug|Any CPU.ActiveCfg = Debug|Any CPU
		{36ED3A78-B46F-4885-8ED0-730C1954AC7A}.Debug|Any CPU.Build.0 = Debug|Any CPU
		{36ED3A78-B46F-4885-8ED0-730C1954AC7A}.Release|Any CPU.ActiveCfg = Release|Any CPU
		{36ED3A78-B46F-4885-8ED0-730C1954AC7A}.Release|Any CPU.Build.0 = Release|Any CPU
	EndGlobalSection
	GlobalSection(SolutionProperties) = preSolution
		HideSolutionNode = FALSE
	EndGlobalSection
EndGlobal
